hash: 48cf7df7f5e329246d3ba97c13ae935452f5dcceffe1bdb2add244b985906ef7
updated: 2017-01-13T18:35:59.3885073+09:00
imports:
- name: github.com/disintegration/imaging
  version: 243d2d8673c1225a6afceeb9b3b4423d485dc8df
- name: github.com/k0kubun/pp
  version: 36d5366f4ec038f9a76dd85c7b29074089bb9b9e
- name: github.com/mattn/go-colorable
  version: d228849504861217f796da67fae4f6e347643f15
- name: github.com/mattn/go-isatty
  version: 30a891c33c7cde7b02a981314b4228ec99380cca
- name: golang.org/x/image
  version: 1ff62c92167a10494f3e0b1e77cb67860a6ac43a
  subpackages:
  - bmp
  - tiff
  - tiff/lzw
testImports: []
